
Microsoft Visual Studio Solution File, Format Version 12.00
# Visual Studio Version 17
VisualStudioVersion = 17.11.35312.102
MinimumVisualStudioVersion = 10.0.40219.1
Project("{FAE04EC0-301F-11D3-BF4B-00C04F79EFBC}") = "SnakeWinFormsApp", "SnakeWinFormsApp\SnakeWinFormsApp.csproj", "{5D7C64EC-3C79-4273-AFD9-A5345A372F74}"
EndProject
Global
	GlobalSection(SolutionConfigurationPlatforms) = preSolution
		Debug|Any CPU = Debug|Any CPU
		Release|Any CPU = Release|Any CPU
	EndGlobalSection
	GlobalSection(ProjectConfigurationPlatforms) = postSolution
		{5D7C64EC-3C79-4273-AFD9-A5345A372F74}.Debug|Any CPU.ActiveCfg = Debug|Any CPU
		{5D7C64EC-3C79-4273-AFD9-A5345A372F74}.Debug|Any CPU.Build.0 = Debug|Any CPU
		{5D7C64EC-3C79-4273-AFD9-A5345A372F74}.Release|Any CPU.ActiveCfg = Release|Any CPU
		{5D7C64EC-3C79-4273-AFD9-A5345A372F74}.Release|Any CPU.Build.0 = Release|Any CPU
	EndGlobalSection
	GlobalSection(SolutionProperties) = preSolution
		HideSolutionNode = FALSE
	EndGlobalSection
	GlobalSection(ExtensibilityGlobals) = postSolution
		SolutionGuid = {91ED3D07-7A74-4037-9C77-28FB0701BD20}
	EndGlobalSection
EndGlobal
